
Microsoft Visual Studio Solution File, Format Version 12.00
# Visual Studio Version 16
VisualStudioVersion = 16.0.33529.622
MinimumVisualStudioVersion = 10.0.40219.1
Project("{F184B08F-C81C-45F6-A57F-5ABD9991F28F}") = "local", "local\local.vbproj", "{E809EE2E-D1E3-48CD-BF54-9BF52808EDBF}"
EndProject
Global
	GlobalSection(SolutionConfigurationPlatforms) = preSolution
		Debug|Any CPU = Debug|Any CPU
		Release|Any CPU = Release|Any CPU
	EndGlobalSection
	GlobalSection(ProjectConfigurationPlatforms) = postSolution
		{E809EE2E-D1E3-48CD-BF54-9BF52808EDBF}.Debug|Any CPU.ActiveCfg = Debug|Any CPU
		{E809EE2E-D1E3-48CD-BF54-9BF52808EDBF}.Debug|Any CPU.Build.0 = Debug|Any CPU
		{E809EE2E-D1E3-48CD-BF54-9BF52808EDBF}.Release|Any CPU.ActiveCfg = Release|Any CPU
		{E809EE2E-D1E3-48CD-BF54-9BF52808EDBF}.Release|Any CPU.Build.0 = Release|Any CPU
	EndGlobalSection
	GlobalSection(SolutionProperties) = preSolution
		HideSolutionNode = FALSE
	EndGlobalSection
	GlobalSection(ExtensibilityGlobals) = postSolution
		SolutionGuid = {9B3D72A5-71C6-4D58-9D55-BDAD64456D1A}
	EndGlobalSection
EndGlobal
